
Microsoft Visual Studio Solution File, Format Version 12.00
# Visual Studio 15
VisualStudioVersion = 15.0.26430.16
MinimumVisualStudioVersion = 10.0.40219.1
Project("{FAE04EC0-301F-11D3-BF4B-00C04F79EFBC}") = "lab01_BoxOfT", "lab01_BoxOfT\lab01_BoxOfT.csproj", "{254F29DC-A1A0-4469-A940-32DB9390A40E}"
EndProject
Project("{FAE04EC0-301F-11D3-BF4B-00C04F79EFBC}") = "lab02_GenericArrayCreator", "lab02_GenericArrayCreator\lab02_GenericArrayCreator.csproj", "{2B0D792D-505D-4A5D-8711-F7B079170197}"
EndProject
Project("{FAE04EC0-301F-11D3-BF4B-00C04F79EFBC}") = "lab03_GenericScale", "lab03_GenericScale\lab03_GenericScale.csproj", "{9BC6C641-FF27-4828-9EA6-44498A608FC1}"
EndProject
Project("{2150E333-8FDC-42A3-9474-1A3956D46DE8}") = "Solution Items", "Solution Items", "{B6B40748-983D-4774-A119-EE0C0C9ED744}"
	ProjectSection(SolutionItems) = preProject
		02.CSOOPAdv-Generics-Exercises.docx = 02.CSOOPAdv-Generics-Exercises.docx
		02.CSOOPAdv-Generics-Lab.docx = 02.CSOOPAdv-Generics-Lab.docx
		02.CSOOPAdv-Generics.pptx = 02.CSOOPAdv-Generics.pptx
	EndProjectSection
EndProject
Project("{FAE04EC0-301F-11D3-BF4B-00C04F79EFBC}") = "p01_GenericBox", "p01_GenericBox\p01_GenericBox.csproj", "{A82CE753-132E-46E7-B560-40AEE9BE6ED6}"
EndProject
Project("{FAE04EC0-301F-11D3-BF4B-00C04F79EFBC}") = "p01_GenericBox_chain", "p01_GenericBox_chain\p01_GenericBox_chain.csproj", "{9997DCFD-5B61-460C-BDC8-B2C4C11DE834}"
EndProject
Project("{FAE04EC0-301F-11D3-BF4B-00C04F79EFBC}") = "p11_Tuple", "p11_Tuple\p11_Tuple.csproj", "{390E2E45-63A4-4100-84BE-49C7E1BC6C16}"
EndProject
Project("{FAE04EC0-301F-11D3-BF4B-00C04F79EFBC}") = "p12_Threeuple", "p12_Threeuple\p12_Threeuple.csproj", "{17B1EC3D-6B3F-46BA-8359-FA3754EA9CF6}"
EndProject
Global
	GlobalSection(SolutionConfigurationPlatforms) = preSolution
		Debug|Any CPU = Debug|Any CPU
		Release|Any CPU = Release|Any CPU
	EndGlobalSection
	GlobalSection(ProjectConfigurationPlatforms) = postSolution
		{254F29DC-A1A0-4469-A940-32DB9390A40E}.Debug|Any CPU.ActiveCfg = Debug|Any CPU
		{254F29DC-A1A0-4469-A940-32DB9390A40E}.Debug|Any CPU.Build.0 = Debug|Any CPU
		{254F29DC-A1A0-4469-A940-32DB9390A40E}.Release|Any CPU.ActiveCfg = Release|Any CPU
		{254F29DC-A1A0-4469-A940-32DB9390A40E}.Release|Any CPU.Build.0 = Release|Any CPU
		{2B0D792D-505D-4A5D-8711-F7B079170197}.Debug|Any CPU.ActiveCfg = Debug|Any CPU
		{2B0D792D-505D-4A5D-8711-F7B079170197}.Debug|Any CPU.Build.0 = Debug|Any CPU
		{2B0D792D-505D-4A5D-8711-F7B079170197}.Release|Any CPU.ActiveCfg = Release|Any CPU
		{2B0D792D-505D-4A5D-8711-F7B079170197}.Release|Any CPU.Build.0 = Release|Any CPU
		{9BC6C641-FF27-4828-9EA6-44498A608FC1}.Debug|Any CPU.ActiveCfg = Debug|Any CPU
		{9BC6C641-FF27-4828-9EA6-44498A608FC1}.Debug|Any CPU.Build.0 = Debug|Any CPU
		{9BC6C641-FF27-4828-9EA6-44498A608FC1}.Release|Any CPU.ActiveCfg = Release|Any CPU
		{9BC6C641-FF27-4828-9EA6-44498A608FC1}.Release|Any CPU.Build.0 = Release|Any CPU
		{A82CE753-132E-46E7-B560-40AEE9BE6ED6}.Debug|Any CPU.ActiveCfg = Debug|Any CPU
		{A82CE753-132E-46E7-B560-40AEE9BE6ED6}.Debug|Any CPU.Build.0 = Debug|Any CPU
		{A82CE753-132E-46E7-B560-40AEE9BE6ED6}.Release|Any CPU.ActiveCfg = Release|Any CPU
		{A82CE753-132E-46E7-B560-40AEE9BE6ED6}.Release|Any CPU.Build.0 = Release|Any CPU
		{9997DCFD-5B61-460C-BDC8-B2C4C11DE834}.Debug|Any CPU.ActiveCfg = Debug|Any CPU
		{9997DCFD-5B61-460C-BDC8-B2C4C11DE834}.Debug|Any CPU.Build.0 = Debug|Any CPU
		{9997DCFD-5B61-460C-BDC8-B2C4C11DE834}.Release|Any CPU.ActiveCfg = Release|Any CPU
		{9997DCFD-5B61-460C-BDC8-B2C4C11DE834}.Release|Any CPU.Build.0 = Release|Any CPU
		{390E2E45-63A4-4100-84BE-49C7E1BC6C16}.Debug|Any CPU.ActiveCfg = Debug|Any CPU
		{390E2E45-63A4-4100-84BE-49C7E1BC6C16}.Debug|Any CPU.Build.0 = Debug|Any CPU
		{390E2E45-63A4-4100-84BE-49C7E1BC6C16}.Release|Any CPU.ActiveCfg = Release|Any CPU
		{390E2E45-63A4-4100-84BE-49C7E1BC6C16}.Release|Any CPU.Build.0 = Release|Any CPU
		{17B1EC3D-6B3F-46BA-8359-FA3754EA9CF6}.Debug|Any CPU.ActiveCfg = Debug|Any CPU
		{17B1EC3D-6B3F-46BA-8359-FA3754EA9CF6}.Debug|Any CPU.Build.0 = Debug|Any CPU
		{17B1EC3D-6B3F-46BA-8359-FA3754EA9CF6}.Release|Any CPU.ActiveCfg = Release|Any CPU
		{17B1EC3D-6B3F-46BA-8359-FA3754EA9CF6}.Release|Any CPU.Build.0 = Release|Any CPU
	EndGlobalSection
	GlobalSection(SolutionProperties) = preSolution
		HideSolutionNode = FALSE
	EndGlobalSection
EndGlobal
