
Microsoft Visual Studio Solution File, Format Version 12.00
# Visual Studio 15
VisualStudioVersion = 15.0.26430.16
MinimumVisualStudioVersion = 10.0.40219.1
Project("{FAE04EC0-301F-11D3-BF4B-00C04F79EFBC}") = "lab01_Shapes", "lab01_Shapes\lab01_Shapes.csproj", "{A3738850-81D9-43FF-AB4B-73593D2576A4}"
EndProject
Project("{2150E333-8FDC-42A3-9474-1A3956D46DE8}") = "Solution Items", "Solution Items", "{C0E4DA1B-EA65-4161-9260-7360C5D6456A}"
	ProjectSection(SolutionItems) = preProject
		01.CSOOPAdv-Interfaces-And-Abstraction-Exercises.docx = 01.CSOOPAdv-Interfaces-And-Abstraction-Exercises.docx
		01.CSOOPAdv-Interfaces-and-Abstraction-Lab.docx = 01.CSOOPAdv-Interfaces-and-Abstraction-Lab.docx
		01.CSOOPAdv-Interfaces-And-Abstraction.pptx = 01.CSOOPAdv-Interfaces-And-Abstraction.pptx
	EndProjectSection
EndProject
Project("{FAE04EC0-301F-11D3-BF4B-00C04F79EFBC}") = "lab02_Cars", "lab02_Cars\lab02_Cars.csproj", "{20B95285-37B6-4AF8-BD6D-A61757354307}"
EndProject
Project("{FAE04EC0-301F-11D3-BF4B-00C04F79EFBC}") = "p01_DefineAnInterfaceIPerson", "p01_DefineAnInterfaceIPerson\p01_DefineAnInterfaceIPerson.csproj", "{1B521A84-FAF4-4BEF-A9A0-D26100B9B0E0}"
EndProject
Project("{FAE04EC0-301F-11D3-BF4B-00C04F79EFBC}") = "p03_Ferrari", "p03_Ferrari\p03_Ferrari.csproj", "{A63E8763-7F9B-4C78-9F09-FE67C7E554EF}"
EndProject
Project("{FAE04EC0-301F-11D3-BF4B-00C04F79EFBC}") = "p04_Telephony", "p04_Telephony\p04_Telephony.csproj", "{A4541F41-E234-4A93-8ECA-B153F65B49E8}"
EndProject
Project("{FAE04EC0-301F-11D3-BF4B-00C04F79EFBC}") = "p05_BorderControl", "p05_BorderControl\p05_BorderControl.csproj", "{408B8A9D-5A03-4584-A9DF-CA70545BEBCB}"
EndProject
Project("{FAE04EC0-301F-11D3-BF4B-00C04F79EFBC}") = "p06_BirthdayCelebrations", "p06_BirthdayCelebrations\p06_BirthdayCelebrations.csproj", "{F5E9D2A3-B71C-44AB-B8D7-0D89BB91EF9E}"
EndProject
Project("{FAE04EC0-301F-11D3-BF4B-00C04F79EFBC}") = "p07_FoodShortage", "p07_FoodShortage\p07_FoodShortage.csproj", "{F434C7C5-DF2F-48A6-AD52-130769E2C946}"
EndProject
Project("{FAE04EC0-301F-11D3-BF4B-00C04F79EFBC}") = "p08_MilitaryElite", "p08_MilitaryElite\p08_MilitaryElite.csproj", "{30BF2FD1-5086-4C07-B14B-F2D9C24D8C12}"
EndProject
Project("{FAE04EC0-301F-11D3-BF4B-00C04F79EFBC}") = "p08_MilitaryElite_SU", "p08_MilitaryElite_SU\p08_MilitaryElite_SU.csproj", "{296C91D5-26D0-4CBE-B19C-41A4576FFD99}"
EndProject
Project("{FAE04EC0-301F-11D3-BF4B-00C04F79EFBC}") = "p09_CollectionHierarchy", "p09_CollectionHierarchy\p09_CollectionHierarchy.csproj", "{D02BAFB8-6043-4D0B-BD76-B8A3D2EF883F}"
EndProject
Project("{FAE04EC0-301F-11D3-BF4B-00C04F79EFBC}") = "p10_ExplicitInterfaces", "p10_ExplicitInterfaces\p10_ExplicitInterfaces.csproj", "{3E114214-590D-4A38-AB8C-AFAB326B096D}"
EndProject
Global
	GlobalSection(SolutionConfigurationPlatforms) = preSolution
		Debug|Any CPU = Debug|Any CPU
		Release|Any CPU = Release|Any CPU
	EndGlobalSection
	GlobalSection(ProjectConfigurationPlatforms) = postSolution
		{A3738850-81D9-43FF-AB4B-73593D2576A4}.Debug|Any CPU.ActiveCfg = Debug|Any CPU
		{A3738850-81D9-43FF-AB4B-73593D2576A4}.Debug|Any CPU.Build.0 = Debug|Any CPU
		{A3738850-81D9-43FF-AB4B-73593D2576A4}.Release|Any CPU.ActiveCfg = Release|Any CPU
		{A3738850-81D9-43FF-AB4B-73593D2576A4}.Release|Any CPU.Build.0 = Release|Any CPU
		{20B95285-37B6-4AF8-BD6D-A61757354307}.Debug|Any CPU.ActiveCfg = Debug|Any CPU
		{20B95285-37B6-4AF8-BD6D-A61757354307}.Debug|Any CPU.Build.0 = Debug|Any CPU
		{20B95285-37B6-4AF8-BD6D-A61757354307}.Release|Any CPU.ActiveCfg = Release|Any CPU
		{20B95285-37B6-4AF8-BD6D-A61757354307}.Release|Any CPU.Build.0 = Release|Any CPU
		{1B521A84-FAF4-4BEF-A9A0-D26100B9B0E0}.Debug|Any CPU.ActiveCfg = Debug|Any CPU
		{1B521A84-FAF4-4BEF-A9A0-D26100B9B0E0}.Debug|Any CPU.Build.0 = Debug|Any CPU
		{1B521A84-FAF4-4BEF-A9A0-D26100B9B0E0}.Release|Any CPU.ActiveCfg = Release|Any CPU
		{1B521A84-FAF4-4BEF-A9A0-D26100B9B0E0}.Release|Any CPU.Build.0 = Release|Any CPU
		{A63E8763-7F9B-4C78-9F09-FE67C7E554EF}.Debug|Any CPU.ActiveCfg = Debug|Any CPU
		{A63E8763-7F9B-4C78-9F09-FE67C7E554EF}.Debug|Any CPU.Build.0 = Debug|Any CPU
		{A63E8763-7F9B-4C78-9F09-FE67C7E554EF}.Release|Any CPU.ActiveCfg = Release|Any CPU
		{A63E8763-7F9B-4C78-9F09-FE67C7E554EF}.Release|Any CPU.Build.0 = Release|Any CPU
		{A4541F41-E234-4A93-8ECA-B153F65B49E8}.Debug|Any CPU.ActiveCfg = Debug|Any CPU
		{A4541F41-E234-4A93-8ECA-B153F65B49E8}.Debug|Any CPU.Build.0 = Debug|Any CPU
		{A4541F41-E234-4A93-8ECA-B153F65B49E8}.Release|Any CPU.ActiveCfg = Release|Any CPU
		{A4541F41-E234-4A93-8ECA-B153F65B49E8}.Release|Any CPU.Build.0 = Release|Any CPU
		{408B8A9D-5A03-4584-A9DF-CA70545BEBCB}.Debug|Any CPU.ActiveCfg = Debug|Any CPU
		{408B8A9D-5A03-4584-A9DF-CA70545BEBCB}.Debug|Any CPU.Build.0 = Debug|Any CPU
		{408B8A9D-5A03-4584-A9DF-CA70545BEBCB}.Release|Any CPU.ActiveCfg = Release|Any CPU
		{408B8A9D-5A03-4584-A9DF-CA70545BEBCB}.Release|Any CPU.Build.0 = Release|Any CPU
		{F5E9D2A3-B71C-44AB-B8D7-0D89BB91EF9E}.Debug|Any CPU.ActiveCfg = Debug|Any CPU
		{F5E9D2A3-B71C-44AB-B8D7-0D89BB91EF9E}.Debug|Any CPU.Build.0 = Debug|Any CPU
		{F5E9D2A3-B71C-44AB-B8D7-0D89BB91EF9E}.Release|Any CPU.ActiveCfg = Release|Any CPU
		{F5E9D2A3-B71C-44AB-B8D7-0D89BB91EF9E}.Release|Any CPU.Build.0 = Release|Any CPU
		{F434C7C5-DF2F-48A6-AD52-130769E2C946}.Debug|Any CPU.ActiveCfg = Debug|Any CPU
		{F434C7C5-DF2F-48A6-AD52-130769E2C946}.Debug|Any CPU.Build.0 = Debug|Any CPU
		{F434C7C5-DF2F-48A6-AD52-130769E2C946}.Release|Any CPU.ActiveCfg = Release|Any CPU
		{F434C7C5-DF2F-48A6-AD52-130769E2C946}.Release|Any CPU.Build.0 = Release|Any CPU
		{30BF2FD1-5086-4C07-B14B-F2D9C24D8C12}.Debug|Any CPU.ActiveCfg = Debug|Any CPU
		{30BF2FD1-5086-4C07-B14B-F2D9C24D8C12}.Debug|Any CPU.Build.0 = Debug|Any CPU
		{30BF2FD1-5086-4C07-B14B-F2D9C24D8C12}.Release|Any CPU.ActiveCfg = Release|Any CPU
		{30BF2FD1-5086-4C07-B14B-F2D9C24D8C12}.Release|Any CPU.Build.0 = Release|Any CPU
		{296C91D5-26D0-4CBE-B19C-41A4576FFD99}.Debug|Any CPU.ActiveCfg = Debug|Any CPU
		{296C91D5-26D0-4CBE-B19C-41A4576FFD99}.Debug|Any CPU.Build.0 = Debug|Any CPU
		{296C91D5-26D0-4CBE-B19C-41A4576FFD99}.Release|Any CPU.ActiveCfg = Release|Any CPU
		{296C91D5-26D0-4CBE-B19C-41A4576FFD99}.Release|Any CPU.Build.0 = Release|Any CPU
		{D02BAFB8-6043-4D0B-BD76-B8A3D2EF883F}.Debug|Any CPU.ActiveCfg = Debug|Any CPU
		{D02BAFB8-6043-4D0B-BD76-B8A3D2EF883F}.Debug|Any CPU.Build.0 = Debug|Any CPU
		{D02BAFB8-6043-4D0B-BD76-B8A3D2EF883F}.Release|Any CPU.ActiveCfg = Release|Any CPU
		{D02BAFB8-6043-4D0B-BD76-B8A3D2EF883F}.Release|Any CPU.Build.0 = Release|Any CPU
		{3E114214-590D-4A38-AB8C-AFAB326B096D}.Debug|Any CPU.ActiveCfg = Debug|Any CPU
		{3E114214-590D-4A38-AB8C-AFAB326B096D}.Debug|Any CPU.Build.0 = Debug|Any CPU
		{3E114214-590D-4A38-AB8C-AFAB326B096D}.Release|Any CPU.ActiveCfg = Release|Any CPU
		{3E114214-590D-4A38-AB8C-AFAB326B096D}.Release|Any CPU.Build.0 = Release|Any CPU
	EndGlobalSection
	GlobalSection(SolutionProperties) = preSolution
		HideSolutionNode = FALSE
	EndGlobalSection
EndGlobal
