
Microsoft Visual Studio Solution File, Format Version 12.00
# Visual Studio 15
VisualStudioVersion = 15.0.26430.16
MinimumVisualStudioVersion = 10.0.40219.1
Project("{2150E333-8FDC-42A3-9474-1A3956D46DE8}") = "Solution Items", "Solution Items", "{6C9B3E90-90C1-4C5C-8712-28DCF9F5A23A}"
	ProjectSection(SolutionItems) = preProject
		03.CSOOPAdv-Iterators-and-Comparators-Exercises.docx = 03.CSOOPAdv-Iterators-and-Comparators-Exercises.docx
		03.CSOOPAdv-Iterators-and-Comparators-Lab.docx = 03.CSOOPAdv-Iterators-and-Comparators-Lab.docx
		03.CSOOPAdv-Iterators-and-Comparators.pptx = 03.CSOOPAdv-Iterators-and-Comparators.pptx
		Linear-Data-Structures-Stacks-and-Queues-Linked-List.docx = Linear-Data-Structures-Stacks-and-Queues-Linked-List.docx
	EndProjectSection
EndProject
Project("{FAE04EC0-301F-11D3-BF4B-00C04F79EFBC}") = "lab01_Library", "lab01_Library\lab01_Library.csproj", "{B96FAD8D-010F-43D4-B5D6-EC63D20AC3CE}"
EndProject
Project("{FAE04EC0-301F-11D3-BF4B-00C04F79EFBC}") = "p01_ListyIterator", "p01_ListyIterator\p01_ListyIterator.csproj", "{F4245FCC-37FD-4E36-8D38-EE6AFC051916}"
EndProject
Project("{FAE04EC0-301F-11D3-BF4B-00C04F79EFBC}") = "p02_Collection", "p02_Collection\p02_Collection.csproj", "{9F3625A2-4B52-4AA4-A574-89A4FDDADD9B}"
EndProject
Project("{FAE04EC0-301F-11D3-BF4B-00C04F79EFBC}") = "p03_Stack", "p03_Stack\p03_Stack.csproj", "{00D301ED-022E-4E50-8878-7DA0848B1212}"
EndProject
Project("{FAE04EC0-301F-11D3-BF4B-00C04F79EFBC}") = "p04_Froggy", "p04_Froggy\p04_Froggy.csproj", "{581622DF-4CBE-453F-8D48-9D7DFD6C00ED}"
EndProject
Project("{FAE04EC0-301F-11D3-BF4B-00C04F79EFBC}") = "p05_ComparingObjects", "p05_ComparingObjects\p05_ComparingObjects.csproj", "{D76A9213-2AC1-44A9-A4AE-B6537A0E6A7D}"
EndProject
Project("{FAE04EC0-301F-11D3-BF4B-00C04F79EFBC}") = "p06_StrategyPattern", "p06_StrategyPattern\p06_StrategyPattern.csproj", "{C1CACE01-2578-4117-AF44-FA7C99772FED}"
EndProject
Project("{FAE04EC0-301F-11D3-BF4B-00C04F79EFBC}") = "p07_EqualityLogic", "p07_EqualityLogic\p07_EqualityLogic.csproj", "{CB43873A-11B8-4C44-9C6E-1DDA139EE62F}"
EndProject
Project("{FAE04EC0-301F-11D3-BF4B-00C04F79EFBC}") = "p08_PetClinics", "p08_PetClinics\p08_PetClinics.csproj", "{6F06DDCF-9708-46BF-80FB-72A769AEEED8}"
EndProject
Project("{FAE04EC0-301F-11D3-BF4B-00C04F79EFBC}") = "p09_LinkedListTraversal", "p09_LinkedListTraversal\p09_LinkedListTraversal.csproj", "{3C05371B-7D4E-415B-B0A4-9C23DA58D755}"
EndProject
Global
	GlobalSection(SolutionConfigurationPlatforms) = preSolution
		Debug|Any CPU = Debug|Any CPU
		Release|Any CPU = Release|Any CPU
	EndGlobalSection
	GlobalSection(ProjectConfigurationPlatforms) = postSolution
		{B96FAD8D-010F-43D4-B5D6-EC63D20AC3CE}.Debug|Any CPU.ActiveCfg = Debug|Any CPU
		{B96FAD8D-010F-43D4-B5D6-EC63D20AC3CE}.Debug|Any CPU.Build.0 = Debug|Any CPU
		{B96FAD8D-010F-43D4-B5D6-EC63D20AC3CE}.Release|Any CPU.ActiveCfg = Release|Any CPU
		{B96FAD8D-010F-43D4-B5D6-EC63D20AC3CE}.Release|Any CPU.Build.0 = Release|Any CPU
		{F4245FCC-37FD-4E36-8D38-EE6AFC051916}.Debug|Any CPU.ActiveCfg = Debug|Any CPU
		{F4245FCC-37FD-4E36-8D38-EE6AFC051916}.Debug|Any CPU.Build.0 = Debug|Any CPU
		{F4245FCC-37FD-4E36-8D38-EE6AFC051916}.Release|Any CPU.ActiveCfg = Release|Any CPU
		{F4245FCC-37FD-4E36-8D38-EE6AFC051916}.Release|Any CPU.Build.0 = Release|Any CPU
		{9F3625A2-4B52-4AA4-A574-89A4FDDADD9B}.Debug|Any CPU.ActiveCfg = Debug|Any CPU
		{9F3625A2-4B52-4AA4-A574-89A4FDDADD9B}.Debug|Any CPU.Build.0 = Debug|Any CPU
		{9F3625A2-4B52-4AA4-A574-89A4FDDADD9B}.Release|Any CPU.ActiveCfg = Release|Any CPU
		{9F3625A2-4B52-4AA4-A574-89A4FDDADD9B}.Release|Any CPU.Build.0 = Release|Any CPU
		{00D301ED-022E-4E50-8878-7DA0848B1212}.Debug|Any CPU.ActiveCfg = Debug|Any CPU
		{00D301ED-022E-4E50-8878-7DA0848B1212}.Debug|Any CPU.Build.0 = Debug|Any CPU
		{00D301ED-022E-4E50-8878-7DA0848B1212}.Release|Any CPU.ActiveCfg = Release|Any CPU
		{00D301ED-022E-4E50-8878-7DA0848B1212}.Release|Any CPU.Build.0 = Release|Any CPU
		{581622DF-4CBE-453F-8D48-9D7DFD6C00ED}.Debug|Any CPU.ActiveCfg = Debug|Any CPU
		{581622DF-4CBE-453F-8D48-9D7DFD6C00ED}.Debug|Any CPU.Build.0 = Debug|Any CPU
		{581622DF-4CBE-453F-8D48-9D7DFD6C00ED}.Release|Any CPU.ActiveCfg = Release|Any CPU
		{581622DF-4CBE-453F-8D48-9D7DFD6C00ED}.Release|Any CPU.Build.0 = Release|Any CPU
		{D76A9213-2AC1-44A9-A4AE-B6537A0E6A7D}.Debug|Any CPU.ActiveCfg = Debug|Any CPU
		{D76A9213-2AC1-44A9-A4AE-B6537A0E6A7D}.Debug|Any CPU.Build.0 = Debug|Any CPU
		{D76A9213-2AC1-44A9-A4AE-B6537A0E6A7D}.Release|Any CPU.ActiveCfg = Release|Any CPU
		{D76A9213-2AC1-44A9-A4AE-B6537A0E6A7D}.Release|Any CPU.Build.0 = Release|Any CPU
		{C1CACE01-2578-4117-AF44-FA7C99772FED}.Debug|Any CPU.ActiveCfg = Debug|Any CPU
		{C1CACE01-2578-4117-AF44-FA7C99772FED}.Debug|Any CPU.Build.0 = Debug|Any CPU
		{C1CACE01-2578-4117-AF44-FA7C99772FED}.Release|Any CPU.ActiveCfg = Release|Any CPU
		{C1CACE01-2578-4117-AF44-FA7C99772FED}.Release|Any CPU.Build.0 = Release|Any CPU
		{CB43873A-11B8-4C44-9C6E-1DDA139EE62F}.Debug|Any CPU.ActiveCfg = Debug|Any CPU
		{CB43873A-11B8-4C44-9C6E-1DDA139EE62F}.Debug|Any CPU.Build.0 = Debug|Any CPU
		{CB43873A-11B8-4C44-9C6E-1DDA139EE62F}.Release|Any CPU.ActiveCfg = Release|Any CPU
		{CB43873A-11B8-4C44-9C6E-1DDA139EE62F}.Release|Any CPU.Build.0 = Release|Any CPU
		{6F06DDCF-9708-46BF-80FB-72A769AEEED8}.Debug|Any CPU.ActiveCfg = Debug|Any CPU
		{6F06DDCF-9708-46BF-80FB-72A769AEEED8}.Debug|Any CPU.Build.0 = Debug|Any CPU
		{6F06DDCF-9708-46BF-80FB-72A769AEEED8}.Release|Any CPU.ActiveCfg = Release|Any CPU
		{6F06DDCF-9708-46BF-80FB-72A769AEEED8}.Release|Any CPU.Build.0 = Release|Any CPU
		{3C05371B-7D4E-415B-B0A4-9C23DA58D755}.Debug|Any CPU.ActiveCfg = Debug|Any CPU
		{3C05371B-7D4E-415B-B0A4-9C23DA58D755}.Debug|Any CPU.Build.0 = Debug|Any CPU
		{3C05371B-7D4E-415B-B0A4-9C23DA58D755}.Release|Any CPU.ActiveCfg = Release|Any CPU
		{3C05371B-7D4E-415B-B0A4-9C23DA58D755}.Release|Any CPU.Build.0 = Release|Any CPU
	EndGlobalSection
	GlobalSection(SolutionProperties) = preSolution
		HideSolutionNode = FALSE
	EndGlobalSection
EndGlobal
