
Microsoft Visual Studio Solution File, Format Version 12.00
# Visual Studio 15
VisualStudioVersion = 15.0.26430.16
MinimumVisualStudioVersion = 10.0.40219.1
Project("{2150E333-8FDC-42A3-9474-1A3956D46DE8}") = "Solution Items", "Solution Items", "{6C9B3E90-90C1-4C5C-8712-28DCF9F5A23A}"
	ProjectSection(SolutionItems) = preProject
		03.CSOOPAdv-Iterators-and-Comparators-Exercises.docx = 03.CSOOPAdv-Iterators-and-Comparators-Exercises.docx
		03.CSOOPAdv-Iterators-and-Comparators-Lab.docx = 03.CSOOPAdv-Iterators-and-Comparators-Lab.docx
		03.CSOOPAdv-Iterators-and-Comparators.pptx = 03.CSOOPAdv-Iterators-and-Comparators.pptx
	EndProjectSection
EndProject
Project("{FAE04EC0-301F-11D3-BF4B-00C04F79EFBC}") = "lab01_Library", "lab01_Library\lab01_Library.csproj", "{B96FAD8D-010F-43D4-B5D6-EC63D20AC3CE}"
EndProject
Project("{FAE04EC0-301F-11D3-BF4B-00C04F79EFBC}") = "p01_ListyIterator", "p01_ListyIterator\p01_ListyIterator.csproj", "{F4245FCC-37FD-4E36-8D38-EE6AFC051916}"
EndProject
Project("{FAE04EC0-301F-11D3-BF4B-00C04F79EFBC}") = "p02_Collection", "p02_Collection\p02_Collection.csproj", "{9F3625A2-4B52-4AA4-A574-89A4FDDADD9B}"
EndProject
Global
	GlobalSection(SolutionConfigurationPlatforms) = preSolution
		Debug|Any CPU = Debug|Any CPU
		Release|Any CPU = Release|Any CPU
	EndGlobalSection
	GlobalSection(ProjectConfigurationPlatforms) = postSolution
		{B96FAD8D-010F-43D4-B5D6-EC63D20AC3CE}.Debug|Any CPU.ActiveCfg = Debug|Any CPU
		{B96FAD8D-010F-43D4-B5D6-EC63D20AC3CE}.Debug|Any CPU.Build.0 = Debug|Any CPU
		{B96FAD8D-010F-43D4-B5D6-EC63D20AC3CE}.Release|Any CPU.ActiveCfg = Release|Any CPU
		{B96FAD8D-010F-43D4-B5D6-EC63D20AC3CE}.Release|Any CPU.Build.0 = Release|Any CPU
		{F4245FCC-37FD-4E36-8D38-EE6AFC051916}.Debug|Any CPU.ActiveCfg = Debug|Any CPU
		{F4245FCC-37FD-4E36-8D38-EE6AFC051916}.Debug|Any CPU.Build.0 = Debug|Any CPU
		{F4245FCC-37FD-4E36-8D38-EE6AFC051916}.Release|Any CPU.ActiveCfg = Release|Any CPU
		{F4245FCC-37FD-4E36-8D38-EE6AFC051916}.Release|Any CPU.Build.0 = Release|Any CPU
		{9F3625A2-4B52-4AA4-A574-89A4FDDADD9B}.Debug|Any CPU.ActiveCfg = Debug|Any CPU
		{9F3625A2-4B52-4AA4-A574-89A4FDDADD9B}.Debug|Any CPU.Build.0 = Debug|Any CPU
		{9F3625A2-4B52-4AA4-A574-89A4FDDADD9B}.Release|Any CPU.ActiveCfg = Release|Any CPU
		{9F3625A2-4B52-4AA4-A574-89A4FDDADD9B}.Release|Any CPU.Build.0 = Release|Any CPU
	EndGlobalSection
	GlobalSection(SolutionProperties) = preSolution
		HideSolutionNode = FALSE
	EndGlobalSection
EndGlobal
